
Microsoft Visual Studio Solution File, Format Version 12.00
# Visual Studio Version 17
VisualStudioVersion = 17.0.31903.59
MinimumVisualStudioVersion = 10.0.40219.1
Project("{FAE04EC0-301F-11D3-BF4B-00C04F79EFBC}") = "KafkaConsumer", "KafkaConsumer\KafkaConsumer.csproj", "{FB458C27-1C30-4216-9586-716041A299D0}"
EndProject
Project("{FAE04EC0-301F-11D3-BF4B-00C04F79EFBC}") = "KafkaProducer", "KafkaProducer\KafkaProducer.csproj", "{0B96E53A-62E4-4335-A283-3DE53E6983F6}"
EndProject
Global
	GlobalSection(SolutionConfigurationPlatforms) = preSolution
		Debug|Any CPU = Debug|Any CPU
		Release|Any CPU = Release|Any CPU
	EndGlobalSection
	GlobalSection(SolutionProperties) = preSolution
		HideSolutionNode = FALSE
	EndGlobalSection
	GlobalSection(ProjectConfigurationPlatforms) = postSolution
		{FB458C27-1C30-4216-9586-716041A299D0}.Debug|Any CPU.ActiveCfg = Debug|Any CPU
		{FB458C27-1C30-4216-9586-716041A299D0}.Debug|Any CPU.Build.0 = Debug|Any CPU
		{FB458C27-1C30-4216-9586-716041A299D0}.Release|Any CPU.ActiveCfg = Release|Any CPU
		{FB458C27-1C30-4216-9586-716041A299D0}.Release|Any CPU.Build.0 = Release|Any CPU
		{0B96E53A-62E4-4335-A283-3DE53E6983F6}.Debug|Any CPU.ActiveCfg = Debug|Any CPU
		{0B96E53A-62E4-4335-A283-3DE53E6983F6}.Debug|Any CPU.Build.0 = Debug|Any CPU
		{0B96E53A-62E4-4335-A283-3DE53E6983F6}.Release|Any CPU.ActiveCfg = Release|Any CPU
		{0B96E53A-62E4-4335-A283-3DE53E6983F6}.Release|Any CPU.Build.0 = Release|Any CPU
	EndGlobalSection
EndGlobal
